
Microsoft Visual Studio Solution File, Format Version 12.00
# Visual Studio Version 16
VisualStudioVersion = 16.0.30907.101
MinimumVisualStudioVersion = 10.0.40219.1
Project("{9A19103F-16F7-4668-BE54-9A1E7A4F7556}") = "Tellurium.StableElements", "Tellurium.StableElements\Tellurium.StableElements.csproj", "{A637CC7C-9061-4775-94F9-F72428ADBA9B}"
EndProject
Global
	GlobalSection(SolutionConfigurationPlatforms) = preSolution
		Debug|Any CPU = Debug|Any CPU
		Release|Any CPU = Release|Any CPU
	EndGlobalSection
	GlobalSection(ProjectConfigurationPlatforms) = postSolution
		{A637CC7C-9061-4775-94F9-F72428ADBA9B}.Debug|Any CPU.ActiveCfg = Debug|Any CPU
		{A637CC7C-9061-4775-94F9-F72428ADBA9B}.Debug|Any CPU.Build.0 = Debug|Any CPU
		{A637CC7C-9061-4775-94F9-F72428ADBA9B}.Release|Any CPU.ActiveCfg = Release|Any CPU
		{A637CC7C-9061-4775-94F9-F72428ADBA9B}.Release|Any CPU.Build.0 = Release|Any CPU
	EndGlobalSection
	GlobalSection(SolutionProperties) = preSolution
		HideSolutionNode = FALSE
	EndGlobalSection
	GlobalSection(ExtensibilityGlobals) = postSolution
		SolutionGuid = {CC1E7FFE-C051-4B8A-8C13-6AC7D9D0626A}
	EndGlobalSection
EndGlobal
